
Microsoft Visual Studio Solution File, Format Version 12.00
# Visual Studio Version 17
VisualStudioVersion = 17.9.34607.119
MinimumVisualStudioVersion = 10.0.40219.1
Project("{2150E333-8FDC-42A3-9474-1A3956D46DE8}") = "BOL", "BOL", "{6D5C4345-A11F-43DC-BF1D-9241A60588D8}"
EndProject
Project("{2150E333-8FDC-42A3-9474-1A3956D46DE8}") = "DAL", "DAL", "{A50FACA8-264A-40A0-BAA7-5D453FC1AE6E}"
EndProject
Project("{2150E333-8FDC-42A3-9474-1A3956D46DE8}") = "BAL", "BAL", "{222025EE-B4D3-45DD-A19A-FD9D10783A36}"
EndProject
Project("{2150E333-8FDC-42A3-9474-1A3956D46DE8}") = "API", "API", "{5AFA82A3-D60F-4EC9-BA50-534D2830A1F0}"
EndProject
Project("{9A19103F-16F7-4668-BE54-9A1E7A4F7556}") = "API", "API\API.csproj", "{D5175B87-3118-406F-8DA6-CF0F5F5532B6}"
EndProject
Project("{9A19103F-16F7-4668-BE54-9A1E7A4F7556}") = "BAL", "BAL\BAL.csproj", "{34F4187D-37E6-4EFF-85B1-FA7472544B4B}"
EndProject
Project("{9A19103F-16F7-4668-BE54-9A1E7A4F7556}") = "DAL", "DAL\DAL.csproj", "{D1693B4C-01D4-4EE0-ADA4-7EBBFA79479A}"
EndProject
Project("{9A19103F-16F7-4668-BE54-9A1E7A4F7556}") = "BOL", "BOL\BOL.csproj", "{10AC2CAC-D219-4126-8902-E48FE383144C}"
EndProject
Project("{2150E333-8FDC-42A3-9474-1A3956D46DE8}") = "Solution Items", "Solution Items", "{F5183DE2-56D0-408B-A41C-E606BF6AF1B7}"
	ProjectSection(SolutionItems) = preProject
		Jenkinsfile.txt = Jenkinsfile.txt
	EndProjectSection
EndProject
Global
	GlobalSection(SolutionConfigurationPlatforms) = preSolution
		Debug|Any CPU = Debug|Any CPU
		Release|Any CPU = Release|Any CPU
	EndGlobalSection
	GlobalSection(ProjectConfigurationPlatforms) = postSolution
		{D5175B87-3118-406F-8DA6-CF0F5F5532B6}.Debug|Any CPU.ActiveCfg = Debug|Any CPU
		{D5175B87-3118-406F-8DA6-CF0F5F5532B6}.Debug|Any CPU.Build.0 = Debug|Any CPU
		{D5175B87-3118-406F-8DA6-CF0F5F5532B6}.Release|Any CPU.ActiveCfg = Release|Any CPU
		{D5175B87-3118-406F-8DA6-CF0F5F5532B6}.Release|Any CPU.Build.0 = Release|Any CPU
		{34F4187D-37E6-4EFF-85B1-FA7472544B4B}.Debug|Any CPU.ActiveCfg = Debug|Any CPU
		{34F4187D-37E6-4EFF-85B1-FA7472544B4B}.Debug|Any CPU.Build.0 = Debug|Any CPU
		{34F4187D-37E6-4EFF-85B1-FA7472544B4B}.Release|Any CPU.ActiveCfg = Release|Any CPU
		{34F4187D-37E6-4EFF-85B1-FA7472544B4B}.Release|Any CPU.Build.0 = Release|Any CPU
		{D1693B4C-01D4-4EE0-ADA4-7EBBFA79479A}.Debug|Any CPU.ActiveCfg = Debug|Any CPU
		{D1693B4C-01D4-4EE0-ADA4-7EBBFA79479A}.Debug|Any CPU.Build.0 = Debug|Any CPU
		{D1693B4C-01D4-4EE0-ADA4-7EBBFA79479A}.Release|Any CPU.ActiveCfg = Release|Any CPU
		{D1693B4C-01D4-4EE0-ADA4-7EBBFA79479A}.Release|Any CPU.Build.0 = Release|Any CPU
		{10AC2CAC-D219-4126-8902-E48FE383144C}.Debug|Any CPU.ActiveCfg = Debug|Any CPU
		{10AC2CAC-D219-4126-8902-E48FE383144C}.Debug|Any CPU.Build.0 = Debug|Any CPU
		{10AC2CAC-D219-4126-8902-E48FE383144C}.Release|Any CPU.ActiveCfg = Release|Any CPU
		{10AC2CAC-D219-4126-8902-E48FE383144C}.Release|Any CPU.Build.0 = Release|Any CPU
	EndGlobalSection
	GlobalSection(SolutionProperties) = preSolution
		HideSolutionNode = FALSE
	EndGlobalSection
	GlobalSection(NestedProjects) = preSolution
		{D5175B87-3118-406F-8DA6-CF0F5F5532B6} = {5AFA82A3-D60F-4EC9-BA50-534D2830A1F0}
		{34F4187D-37E6-4EFF-85B1-FA7472544B4B} = {222025EE-B4D3-45DD-A19A-FD9D10783A36}
		{D1693B4C-01D4-4EE0-ADA4-7EBBFA79479A} = {A50FACA8-264A-40A0-BAA7-5D453FC1AE6E}
		{10AC2CAC-D219-4126-8902-E48FE383144C} = {6D5C4345-A11F-43DC-BF1D-9241A60588D8}
	EndGlobalSection
	GlobalSection(ExtensibilityGlobals) = postSolution
		SolutionGuid = {FD323ADE-8BC1-46DB-84C7-2D2A4221E3F1}
	EndGlobalSection
EndGlobal
